
Microsoft Visual Studio Solution File, Format Version 12.00
# Visual Studio Version 16
VisualStudioVersion = 16.0.30104.148
MinimumVisualStudioVersion = 10.0.40219.1
Project("{FAE04EC0-301F-11D3-BF4B-00C04F79EFBC}") = "Fiae2", "Fiae2\Fiae2.csproj", "{62F0A2CF-CE2D-4E4F-A46B-7DD6C507E5A9}"
EndProject
Global
	GlobalSection(SolutionConfigurationPlatforms) = preSolution
		Debug|Any CPU = Debug|Any CPU
		Release|Any CPU = Release|Any CPU
	EndGlobalSection
	GlobalSection(ProjectConfigurationPlatforms) = postSolution
		{62F0A2CF-CE2D-4E4F-A46B-7DD6C507E5A9}.Debug|Any CPU.ActiveCfg = Debug|Any CPU
		{62F0A2CF-CE2D-4E4F-A46B-7DD6C507E5A9}.Debug|Any CPU.Build.0 = Debug|Any CPU
		{62F0A2CF-CE2D-4E4F-A46B-7DD6C507E5A9}.Release|Any CPU.ActiveCfg = Release|Any CPU
		{62F0A2CF-CE2D-4E4F-A46B-7DD6C507E5A9}.Release|Any CPU.Build.0 = Release|Any CPU
	EndGlobalSection
	GlobalSection(SolutionProperties) = preSolution
		HideSolutionNode = FALSE
	EndGlobalSection
	GlobalSection(ExtensibilityGlobals) = postSolution
		SolutionGuid = {DF6AD6E9-ABD1-4C59-863C-C3A4A96E1DAB}
	EndGlobalSection
EndGlobal
